
Microsoft Visual Studio Solution File, Format Version 12.00
# Visual Studio Version 17
VisualStudioVersion = 17.4.33213.308
MinimumVisualStudioVersion = 10.0.40219.1
Project("{FAE04EC0-301F-11D3-BF4B-00C04F79EFBC}") = "PollutionMap", "PollutionMap\PollutionMap.csproj", "{15CB88EC-86F3-4465-A38A-6F4187DCC3CE}"
EndProject
Global
	GlobalSection(SolutionConfigurationPlatforms) = preSolution
		Debug|Any CPU = Debug|Any CPU
		Release|Any CPU = Release|Any CPU
	EndGlobalSection
	GlobalSection(ProjectConfigurationPlatforms) = postSolution
		{15CB88EC-86F3-4465-A38A-6F4187DCC3CE}.Debug|Any CPU.ActiveCfg = Debug|Any CPU
		{15CB88EC-86F3-4465-A38A-6F4187DCC3CE}.Debug|Any CPU.Build.0 = Debug|Any CPU
		{15CB88EC-86F3-4465-A38A-6F4187DCC3CE}.Release|Any CPU.ActiveCfg = Release|Any CPU
		{15CB88EC-86F3-4465-A38A-6F4187DCC3CE}.Release|Any CPU.Build.0 = Release|Any CPU
	EndGlobalSection
	GlobalSection(SolutionProperties) = preSolution
		HideSolutionNode = FALSE
	EndGlobalSection
	GlobalSection(ExtensibilityGlobals) = postSolution
		SolutionGuid = {4708548D-5D8A-4454-81E3-9852FBD5DD9A}
	EndGlobalSection
EndGlobal
