
Microsoft Visual Studio Solution File, Format Version 12.00
# Visual Studio Version 17
VisualStudioVersion = 17.7.34202.233
MinimumVisualStudioVersion = 10.0.40219.1
Project("{FAE04EC0-301F-11D3-BF4B-00C04F79EFBC}") = "X_SI_0", "X_SI_0.csproj", "{C53EDDBD-0184-4090-A82E-20C80005D1DE}"
EndProject
Global
	GlobalSection(SolutionConfigurationPlatforms) = preSolution
		Debug|Any CPU = Debug|Any CPU
		Release|Any CPU = Release|Any CPU
	EndGlobalSection
	GlobalSection(ProjectConfigurationPlatforms) = postSolution
		{C53EDDBD-0184-4090-A82E-20C80005D1DE}.Debug|Any CPU.ActiveCfg = Debug|Any CPU
		{C53EDDBD-0184-4090-A82E-20C80005D1DE}.Debug|Any CPU.Build.0 = Debug|Any CPU
		{C53EDDBD-0184-4090-A82E-20C80005D1DE}.Release|Any CPU.ActiveCfg = Release|Any CPU
		{C53EDDBD-0184-4090-A82E-20C80005D1DE}.Release|Any CPU.Build.0 = Release|Any CPU
	EndGlobalSection
	GlobalSection(SolutionProperties) = preSolution
		HideSolutionNode = FALSE
	EndGlobalSection
	GlobalSection(ExtensibilityGlobals) = postSolution
		SolutionGuid = {D80D0693-BC66-4111-913A-73D8A5A5DA5F}
	EndGlobalSection
EndGlobal
